
Microsoft Visual Studio Solution File, Format Version 12.00
# Visual Studio 2013
VisualStudioVersion = 12.0.30723.0
MinimumVisualStudioVersion = 10.0.40219.1
Project("{FAE04EC0-301F-11D3-BF4B-00C04F79EFBC}") = "JQueryMobile_BoilerPlate", "JQueryMobile_BoilerPlate\JQueryMobile_BoilerPlate.csproj", "{0E97CA37-77B8-44BA-802D-2731D790E462}"
EndProject
Global
	GlobalSection(SolutionConfigurationPlatforms) = preSolution
		Debug|Any CPU = Debug|Any CPU
		Release|Any CPU = Release|Any CPU
	EndGlobalSection
	GlobalSection(ProjectConfigurationPlatforms) = postSolution
		{0E97CA37-77B8-44BA-802D-2731D790E462}.Debug|Any CPU.ActiveCfg = Debug|Any CPU
		{0E97CA37-77B8-44BA-802D-2731D790E462}.Debug|Any CPU.Build.0 = Debug|Any CPU
		{0E97CA37-77B8-44BA-802D-2731D790E462}.Release|Any CPU.ActiveCfg = Release|Any CPU
		{0E97CA37-77B8-44BA-802D-2731D790E462}.Release|Any CPU.Build.0 = Release|Any CPU
	EndGlobalSection
	GlobalSection(SolutionProperties) = preSolution
		HideSolutionNode = FALSE
	EndGlobalSection
EndGlobal
